// !$*UTF8*$!
{
	archiveVersion = 1;
	classes = {
	};
	objectVersion = 48;
	objects = {

/* Begin PBXBuildFile section */
		BB3EF3872067766E00A4F384 /* PresentsViewController.swift in Sources */ = {isa = PBXBuildFile; fileRef = BB3EF3862067766E00A4F384 /* PresentsViewController.swift */; };
		BB6B839E20663CF5002189FC /* AppDelegate.swift in Sources */ = {isa = PBXBuildFile; fileRef = BB6B839D20663CF5002189FC /* AppDelegate.swift */; };
		BB6B83A020663CF5002189FC /* ViewController.swift in Sources */ = {isa = PBXBuildFile; fileRef = BB6B839F20663CF5002189FC /* ViewController.swift */; };
		BB6B83A320663CF5002189FC /* Main.storyboard in Resources */ = {isa = PBXBuildFile; fileRef = BB6B83A120663CF5002189FC /* Main.storyboard */; };
		BB6B83A520663CF5002189FC /* Assets.xcassets in Resources */ = {isa = PBXBuildFile; fileRef = BB6B83A420663CF5002189FC /* Assets.xcassets */; };
		BB6B83A820663CF5002189FC /* LaunchScreen.storyboard in Resources */ = {isa = PBXBuildFile; fileRef = BB6B83A620663CF5002189FC /* LaunchScreen.storyboard */; };
		BB6B83B020663FFB002189FC /* TableViewCell.swift in Sources */ = {isa = PBXBuildFile; fileRef = BB6B83AF20663FFA002189FC /* TableViewCell.swift */; };
		BB6B83B32066415A002189FC /* PresentsListsModel.xcdatamodeld in Sources */ = {isa = PBXBuildFile; fileRef = BB6B83B12066415A002189FC /* PresentsListsModel.xcdatamodeld */; };
		BBE8161A206689C6003107DD /* PresentsSearch.swift in Sources */ = {isa = PBXBuildFile; fileRef = BBE81619206689C6003107DD /* PresentsSearch.swift */; };
/* End PBXBuildFile section */

/* Begin PBXFileReference section */
		BB3EF3862067766E00A4F384 /* PresentsViewController.swift */ = {isa = PBXFileReference; lastKnownFileType = sourcecode.swift; path = PresentsViewController.swift; sourceTree = "<group>"; };
		BB6B839A20663CF5002189FC /* PresentsReminder.app */ = {isa = PBXFileReference; explicitFileType = wrapper.application; includeInIndex = 0; path = PresentsReminder.app; sourceTree = BUILT_PRODUCTS_DIR; };
		BB6B839D20663CF5002189FC /* AppDelegate.swift */ = {isa = PBXFileReference; lastKnownFileType = sourcecode.swift; path = AppDelegate.swift; sourceTree = "<group>"; };
		BB6B839F20663CF5002189FC /* ViewController.swift */ = {isa = PBXFileReference; lastKnownFileType = sourcecode.swift; path = ViewController.swift; sourceTree = "<group>"; };
		BB6B83A220663CF5002189FC /* Base */ = {isa = PBXFileReference; lastKnownFileType = file.storyboard; name = Base; path = Base.lproj/Main.storyboard; sourceTree = "<group>"; };
		BB6B83A420663CF5002189FC /* Assets.xcassets */ = {isa = PBXFileReference; lastKnownFileType = folder.assetcatalog; path = Assets.xcassets; sourceTree = "<group>"; };
		BB6B83A720663CF5002189FC /* Base */ = {isa = PBXFileReference; lastKnownFileType = file.storyboard; name = Base; path = Base.lproj/LaunchScreen.storyboard; sourceTree = "<group>"; };
		BB6B83A920663CF5002189FC /* Info.plist */ = {isa = PBXFileReference; lastKnownFileType = text.plist.xml; path = Info.plist; sourceTree = "<group>"; };
		BB6B83AF20663FFA002189FC /* TableViewCell.swift */ = {isa = PBXFileReference; lastKnownFileType = sourcecode.swift; path = TableViewCell.swift; sourceTree = "<group>"; };
		BB6B83B22066415A002189FC /* PresentsListsModel.xcdatamodel */ = {isa = PBXFileReference; lastKnownFileType = wrapper.xcdatamodel; path = PresentsListsModel.xcdatamodel; sourceTree = "<group>"; };
		BBE81619206689C6003107DD /* PresentsSearch.swift */ = {isa = PBXFileReference; lastKnownFileType = sourcecode.swift; path = PresentsSearch.swift; sourceTree = "<group>"; };
/* End PBXFileReference section */

/* Begin PBXFrameworksBuildPhase section */
		BB6B839720663CF5002189FC /* Frameworks */ = {
			isa = PBXFrameworksBuildPhase;
			buildActionMask = 2147483647;
			files = (
			);
			runOnlyForDeploymentPostprocessing = 0;
		};
/* End PBXFrameworksBuildPhase section */

/* Begin PBXGroup section */
		BB6B839120663CF5002189FC = {
			isa = PBXGroup;
			children = (
				BB6B839C20663CF5002189FC /* PresentsReminder */,
				BB6B839B20663CF5002189FC /* Products */,
			);
			sourceTree = "<group>";
		};
		BB6B839B20663CF5002189FC /* Products */ = {
			isa = PBXGroup;
			children = (
				BB6B839A20663CF5002189FC /* PresentsReminder.app */,
			);
			name = Products;
			sourceTree = "<group>";
		};
		BB6B839C20663CF5002189FC /* PresentsReminder */ = {
			isa = PBXGroup;
			children = (
				BB6B839D20663CF5002189FC /* AppDelegate.swift */,
				BB6B83B12066415A002189FC /* PresentsListsModel.xcdatamodeld */,
				BB6B839F20663CF5002189FC /* ViewController.swift */,
				BB6B83A120663CF5002189FC /* Main.storyboard */,
				BB6B83A420663CF5002189FC /* Assets.xcassets */,
				BB6B83A620663CF5002189FC /* LaunchScreen.storyboard */,
				BB6B83A920663CF5002189FC /* Info.plist */,
				BB6B83AF20663FFA002189FC /* TableViewCell.swift */,
				BBE81619206689C6003107DD /* PresentsSearch.swift */,
				BB3EF3862067766E00A4F384 /* PresentsViewController.swift */,
			);
			path = PresentsReminder;
			sourceTree = "<group>";
		};
/* End PBXGroup section */

/* Begin PBXNativeTarget section */
		BB6B839920663CF5002189FC /* PresentsReminder */ = {
			isa = PBXNativeTarget;
			buildConfigurationList = BB6B83AC20663CF5002189FC /* Build configuration list for PBXNativeTarget "PresentsReminder" */;
			buildPhases = (
				BB6B839620663CF5002189FC /* Sources */,
				BB6B839720663CF5002189FC /* Frameworks */,
				BB6B839820663CF5002189FC /* Resources */,
			);
			buildRules = (
			);
			dependencies = (
			);
			name = PresentsReminder;
			productName = PresentsReminder;
			productReference = BB6B839A20663CF5002189FC /* PresentsReminder.app */;
			productType = "com.apple.product-type.application";
		};
/* End PBXNativeTarget section */

/* Begin PBXProject section */
		BB6B839220663CF5002189FC /* Project object */ = {
			isa = PBXProject;
			attributes = {
				LastSwiftUpdateCheck = 0920;
				LastUpgradeCheck = 0920;
				ORGANIZATIONNAME = "Prateek Sharma";
				TargetAttributes = {
					BB6B839920663CF5002189FC = {
						CreatedOnToolsVersion = 9.2;
						ProvisioningStyle = Automatic;
					};
				};
			};
			buildConfigurationList = BB6B839520663CF5002189FC /* Build configuration list for PBXProject "PresentsReminder" */;
			compatibilityVersion = "Xcode 8.0";
			developmentRegion = en;
			hasScannedForEncodings = 0;
			knownRegions = (
				en,
				Base,
			);
			mainGroup = BB6B839120663CF5002189FC;
			productRefGroup = BB6B839B20663CF5002189FC /* Products */;
			projectDirPath = "";
			projectRoot = "";
			targets = (
				BB6B839920663CF5002189FC /* PresentsReminder */,
			);
		};
/* End PBXProject section */

/* Begin PBXResourcesBuildPhase section */
		BB6B839820663CF5002189FC /* Resources */ = {
			isa = PBXResourcesBuildPhase;
			buildActionMask = 2147483647;
			files = (
				BB6B83A820663CF5002189FC /* LaunchScreen.storyboard in Resources */,
				BB6B83A520663CF5002189FC /* Assets.xcassets in Resources */,
				BB6B83A320663CF5002189FC /* Main.storyboard in Resources */,
			);
			runOnlyForDeploymentPostprocessing = 0;
		};
/* End PBXResourcesBuildPhase section */

/* Begin PBXSourcesBuildPhase section */
		BB6B839620663CF5002189FC /* Sources */ = {
			isa = PBXSourcesBuildPhase;
			buildActionMask = 2147483647;
			files = (
				BBE8161A206689C6003107DD /* PresentsSearch.swift in Sources */,
				BB6B83B020663FFB002189FC /* TableViewCell.swift in Sources */,
				BB6B83A020663CF5002189FC /* ViewController.swift in Sources */,
				BB6B839E20663CF5002189FC /* AppDelegate.swift in Sources */,
				BB3EF3872067766E00A4F384 /* PresentsViewController.swift in Sources */,
				BB6B83B32066415A002189FC /* PresentsListsModel.xcdatamodeld in Sources */,
			);
			runOnlyForDeploymentPostprocessing = 0;
		};
/* End PBXSourcesBuildPhase section */

/* Begin PBXVariantGroup section */
		BB6B83A120663CF5002189FC /* Main.storyboard */ = {
			isa = PBXVariantGroup;
			children = (
				BB6B83A220663CF5002189FC /* Base */,
			);
			name = Main.storyboard;
			sourceTree = "<group>";
		};
		BB6B83A620663CF5002189FC /* LaunchScreen.storyboard */ = {
			isa = PBXVariantGroup;
			children = (
				BB6B83A720663CF5002189FC /* Base */,
			);
			name = LaunchScreen.storyboard;
			sourceTree = "<group>";
		};
/* End PBXVariantGroup section */

/* Begin XCBuildConfiguration section */
		BB6B83AA20663CF5002189FC /* Debug */ = {
			isa = XCBuildConfiguration;
			buildSettings = {
				ALWAYS_SEARCH_USER_PATHS = NO;
				CLANG_ANALYZER_NONNULL = YES;
				CLANG_ANALYZER_NUMBER_OBJECT_CONVERSION = YES_AGGRESSIVE;
				CLANG_CXX_LANGUAGE_STANDARD = "gnu++14";
				CLANG_CXX_LIBRARY = "libc++";
				CLANG_ENABLE_MODULES = YES;
				CLANG_ENABLE_OBJC_ARC = YES;
				CLANG_WARN_BLOCK_CAPTURE_AUTORELEASING = YES;
				CLANG_WARN_BOOL_CONVERSION = YES;
				CLANG_WARN_COMMA = YES;
				CLANG_WARN_CONSTANT_CONVERSION = YES;
				CLANG_WARN_DIRECT_OBJC_ISA_USAGE = YES_ERROR;
				CLANG_WARN_DOCUMENTATION_COMMENTS = YES;
				CLANG_WARN_EMPTY_BODY = YES;
				CLANG_WARN_ENUM_CONVERSION = YES;
				CLANG_WARN_INFINITE_RECURSION = YES;
				CLANG_WARN_INT_CONVERSION = YES;
				CLANG_WARN_NON_LITERAL_NULL_CONVERSION = YES;
				CLANG_WARN_OBJC_LITERAL_CONVERSION = YES;
				CLANG_WARN_OBJC_ROOT_CLASS = YES_ERROR;
				CLANG_WARN_RANGE_LOOP_ANALYSIS = YES;
				CLANG_WARN_STRICT_PROTOTYPES = YES;
				CLANG_WARN_SUSPICIOUS_MOVE = YES;
				CLANG_WARN_UNGUARDED_AVAILABILITY = YES_AGGRESSIVE;
				CLANG_WARN_UNREACHABLE_CODE = YES;
				CLANG_WARN__DUPLICATE_METHOD_MATCH = YES;
				CODE_SIGN_IDENTITY = "iPhone Developer";
				COPY_PHASE_STRIP = NO;
				DEBUG_INFORMATION_FORMAT = dwarf;
				ENABLE_STRICT_OBJC_MSGSEND = YES;
				ENABLE_TESTABILITY = YES;
				GCC_C_LANGUAGE_STANDARD = gnu11;
				GCC_DYNAMIC_NO_PIC = NO;
				GCC_NO_COMMON_BLOCKS = YES;
				GCC_OPTIMIZATION_LEVEL = 0;
				GCC_PREPROCESSOR_DEFINITIONS = (
					"DEBUG=1",
					"$(inherited)",
				);
				GCC_WARN_64_TO_32_BIT_CONVERSION = YES;
				GCC_WARN_ABOUT_RETURN_TYPE = YES_ERROR;
				GCC_WARN_UNDECLARED_SELECTOR = YES;
				GCC_WARN_UNINITIALIZED_AUTOS = YES_AGGRESSIVE;
				GCC_WARN_UNUSED_FUNCTION = YES;
				GCC_WARN_UNUSED_VARIABLE = YES;
				IPHONEOS_DEPLOYMENT_TARGET = 11.2;
				MTL_ENABLE_DEBUG_INFO = YES;
				ONLY_ACTIVE_ARCH = YES;
				SDKROOT = iphoneos;
				SWIFT_ACTIVE_COMPILATION_CONDITIONS = DEBUG;
				SWIFT_OPTIMIZATION_LEVEL = "-Onone";
			};
			name = Debug;
		};
		BB6B83AB20663CF5002189FC /* Release */ = {
			isa = XCBuildConfiguration;
			buildSettings = {
				ALWAYS_SEARCH_USER_PATHS = NO;
				CLANG_ANALYZER_NONNULL = YES;
				CLANG_ANALYZER_NUMBER_OBJECT_CONVERSION = YES_AGGRESSIVE;
				CLANG_CXX_LANGUAGE_STANDARD = "gnu++14";
				CLANG_CXX_LIBRARY = "libc++";
				CLANG_ENABLE_MODULES = YES;
				CLANG_ENABLE_OBJC_ARC = YES;
				CLANG_WARN_BLOCK_CAPTURE_AUTORELEASING = YES;
				CLANG_WARN_BOOL_CONVERSION = YES;
				CLANG_WARN_COMMA = YES;
				CLANG_WARN_CONSTANT_CONVERSION = YES;
				CLANG_WARN_DIRECT_OBJC_ISA_USAGE = YES_ERROR;
				CLANG_WARN_DOCUMENTATION_COMMENTS = YES;
				CLANG_WARN_EMPTY_BODY = YES;
				CLANG_WARN_ENUM_CONVERSION = YES;
				CLANG_WARN_INFINITE_RECURSION = YES;
				CLANG_WARN_INT_CONVERSION = YES;
				CLANG_WARN_NON_LITERAL_NULL_CONVERSION = YES;
				CLANG_WARN_OBJC_LITERAL_CONVERSION = YES;
				CLANG_WARN_OBJC_ROOT_CLASS = YES_ERROR;
				CLANG_WARN_RANGE_LOOP_ANALYSIS = YES;
				CLANG_WARN_STRICT_PROTOTYPES = YES;
				CLANG_WARN_SUSPICIOUS_MOVE = YES;
				CLANG_WARN_UNGUARDED_AVAILABILITY = YES_AGGRESSIVE;
				CLANG_WARN_UNREACHABLE_CODE = YES;
				CLANG_WARN__DUPLICATE_METHOD_MATCH = YES;
				CODE_SIGN_IDENTITY = "iPhone Developer";
				COPY_PHASE_STRIP = NO;
				DEBUG_INFORMATION_FORMAT = "dwarf-with-dsym";
				ENABLE_NS_ASSERTIONS = NO;
				ENABLE_STRICT_OBJC_MSGSEND = YES;
				GCC_C_LANGUAGE_STANDARD = gnu11;
				GCC_NO_COMMON_BLOCKS = YES;
				GCC_WARN_64_TO_32_BIT_CONVERSION = YES;
				GCC_WARN_ABOUT_RETURN_TYPE = YES_ERROR;
				GCC_WARN_UNDECLARED_SELECTOR = YES;
				GCC_WARN_UNINITIALIZED_AUTOS = YES_AGGRESSIVE;
				GCC_WARN_UNUSED_FUNCTION = YES;
				GCC_WARN_UNUSED_VARIABLE = YES;
				IPHONEOS_DEPLOYMENT_TARGET = 11.2;
				MTL_ENABLE_DEBUG_INFO = NO;
				SDKROOT = iphoneos;
				SWIFT_OPTIMIZATION_LEVEL = "-Owholemodule";
				VALIDATE_PRODUCT = YES;
			};
			name = Release;
		};
		BB6B83AD20663CF5002189FC /* Debug */ = {
			isa = XCBuildConfiguration;
			buildSettings = {
				ASSETCATALOG_COMPILER_APPICON_NAME = AppIcon;
				CODE_SIGN_STYLE = Automatic;
				DEVELOPMENT_TEAM = FH6F3G6EQZ;
				INFOPLIST_FILE = PresentsReminder/Info.plist;
				IPHONEOS_DEPLOYMENT_TARGET = 11.0;
				LD_RUNPATH_SEARCH_PATHS = "$(inherited) @executable_path/Frameworks";
				PRODUCT_BUNDLE_IDENTIFIER = prat14k.PresentsReminder;
				PRODUCT_NAME = "$(TARGET_NAME)";
				SWIFT_VERSION = 4.0;
				TARGETED_DEVICE_FAMILY = "1,2";
			};
			name = Debug;
		};
		BB6B83AE20663CF5002189FC /* Release */ = {
			isa = XCBuildConfiguration;
			buildSettings = {
				ASSETCATALOG_COMPILER_APPICON_NAME = AppIcon;
				CODE_SIGN_STYLE = Automatic;
				DEVELOPMENT_TEAM = FH6F3G6EQZ;
				INFOPLIST_FILE = PresentsReminder/Info.plist;
				IPHONEOS_DEPLOYMENT_TARGET = 11.0;
				LD_RUNPATH_SEARCH_PATHS = "$(inherited) @executable_path/Frameworks";
				PRODUCT_BUNDLE_IDENTIFIER = prat14k.PresentsReminder;
				PRODUCT_NAME = "$(TARGET_NAME)";
				SWIFT_VERSION = 4.0;
				TARGETED_DEVICE_FAMILY = "1,2";
			};
			name = Release;
		};
/* End XCBuildConfiguration section */

/* Begin XCConfigurationList section */
		BB6B839520663CF5002189FC /* Build configuration list for PBXProject "PresentsReminder" */ = {
			isa = XCConfigurationList;
			buildConfigurations = (
				BB6B83AA20663CF5002189FC /* Debug */,
				BB6B83AB20663CF5002189FC /* Release */,
			);
			defaultConfigurationIsVisible = 0;
			defaultConfigurationName = Release;
		};
		BB6B83AC20663CF5002189FC /* Build configuration list for PBXNativeTarget "PresentsReminder" */ = {
			isa = XCConfigurationList;
			buildConfigurations = (
				BB6B83AD20663CF5002189FC /* Debug */,
				BB6B83AE20663CF5002189FC /* Release */,
			);
			defaultConfigurationIsVisible = 0;
			defaultConfigurationName = Release;
		};
/* End XCConfigurationList section */

/* Begin XCVersionGroup section */
		BB6B83B12066415A002189FC /* PresentsListsModel.xcdatamodeld */ = {
			isa = XCVersionGroup;
			children = (
				BB6B83B22066415A002189FC /* PresentsListsModel.xcdatamodel */,
			);
			currentVersion = BB6B83B22066415A002189FC /* PresentsListsModel.xcdatamodel */;
			path = PresentsListsModel.xcdatamodeld;
			sourceTree = "<group>";
			versionGroupType = wrapper.xcdatamodel;
		};
/* End XCVersionGroup section */
	};
	rootObject = BB6B839220663CF5002189FC /* Project object */;
}
